
Microsoft Visual Studio Solution File, Format Version 12.00
# Visual Studio Version 16
VisualStudioVersion = 16.0.31321.278
MinimumVisualStudioVersion = 10.0.40219.1
Project("{FAE04EC0-301F-11D3-BF4B-00C04F79EFBC}") = "CovidDataLoad", "CovidDataLoad\CovidDataLoad.csproj", "{FF7D4479-E8F5-49CF-B1B2-06B5B0FE151A}"
EndProject
Global
	GlobalSection(SolutionConfigurationPlatforms) = preSolution
		Debug|Any CPU = Debug|Any CPU
		Release|Any CPU = Release|Any CPU
	EndGlobalSection
	GlobalSection(ProjectConfigurationPlatforms) = postSolution
		{FF7D4479-E8F5-49CF-B1B2-06B5B0FE151A}.Debug|Any CPU.ActiveCfg = Debug|Any CPU
		{FF7D4479-E8F5-49CF-B1B2-06B5B0FE151A}.Debug|Any CPU.Build.0 = Debug|Any CPU
		{FF7D4479-E8F5-49CF-B1B2-06B5B0FE151A}.Release|Any CPU.ActiveCfg = Release|Any CPU
		{FF7D4479-E8F5-49CF-B1B2-06B5B0FE151A}.Release|Any CPU.Build.0 = Release|Any CPU
	EndGlobalSection
	GlobalSection(SolutionProperties) = preSolution
		HideSolutionNode = FALSE
	EndGlobalSection
	GlobalSection(ExtensibilityGlobals) = postSolution
		SolutionGuid = {7DC823EB-F336-4AAD-BF3D-EFC6F1A98A20}
	EndGlobalSection
EndGlobal
