
Microsoft Visual Studio Solution File, Format Version 12.00
# Visual Studio Version 16
VisualStudioVersion = 16.0.31205.134
MinimumVisualStudioVersion = 10.0.40219.1
Project("{FAE04EC0-301F-11D3-BF4B-00C04F79EFBC}") = "CovidAndWeatherVisualization", "CovidAndWeatherVisualization\CovidAndWeatherVisualization.csproj", "{4FE36F80-6E78-4DE1-8EA2-29E1FA6F3886}"
EndProject
Global
	GlobalSection(SolutionConfigurationPlatforms) = preSolution
		Debug|Any CPU = Debug|Any CPU
		Release|Any CPU = Release|Any CPU
	EndGlobalSection
	GlobalSection(ProjectConfigurationPlatforms) = postSolution
		{4FE36F80-6E78-4DE1-8EA2-29E1FA6F3886}.Debug|Any CPU.ActiveCfg = Debug|Any CPU
		{4FE36F80-6E78-4DE1-8EA2-29E1FA6F3886}.Debug|Any CPU.Build.0 = Debug|Any CPU
		{4FE36F80-6E78-4DE1-8EA2-29E1FA6F3886}.Release|Any CPU.ActiveCfg = Release|Any CPU
		{4FE36F80-6E78-4DE1-8EA2-29E1FA6F3886}.Release|Any CPU.Build.0 = Release|Any CPU
	EndGlobalSection
	GlobalSection(SolutionProperties) = preSolution
		HideSolutionNode = FALSE
	EndGlobalSection
	GlobalSection(ExtensibilityGlobals) = postSolution
		SolutionGuid = {D4E162A3-CB1B-4CC7-87D0-3691F132513C}
	EndGlobalSection
EndGlobal
